
Microsoft Visual Studio Solution File, Format Version 12.00
# Visual Studio Version 17
VisualStudioVersion = 17.8.34330.188
MinimumVisualStudioVersion = 10.0.40219.1
Project("{FAE04EC0-301F-11D3-BF4B-00C04F79EFBC}") = "AtmApp", "AtmApp\AtmApp.csproj", "{81EF7E7C-A4CA-4B80-8073-7DF5323EF588}"
EndProject
Global
	GlobalSection(SolutionConfigurationPlatforms) = preSolution
		Debug|Any CPU = Debug|Any CPU
		Release|Any CPU = Release|Any CPU
	EndGlobalSection
	GlobalSection(ProjectConfigurationPlatforms) = postSolution
		{81EF7E7C-A4CA-4B80-8073-7DF5323EF588}.Debug|Any CPU.ActiveCfg = Debug|Any CPU
		{81EF7E7C-A4CA-4B80-8073-7DF5323EF588}.Debug|Any CPU.Build.0 = Debug|Any CPU
		{81EF7E7C-A4CA-4B80-8073-7DF5323EF588}.Release|Any CPU.ActiveCfg = Release|Any CPU
		{81EF7E7C-A4CA-4B80-8073-7DF5323EF588}.Release|Any CPU.Build.0 = Release|Any CPU
	EndGlobalSection
	GlobalSection(SolutionProperties) = preSolution
		HideSolutionNode = FALSE
	EndGlobalSection
	GlobalSection(ExtensibilityGlobals) = postSolution
		SolutionGuid = {61597A81-CB15-4B31-8C4D-2A54EF34C5BE}
	EndGlobalSection
EndGlobal
